// !$*UTF8*$!
{
	archiveVersion = 1;
	classes = {
	};
	objectVersion = 51;
	objects = {

/* Begin PBXBuildFile section */
		11524BDDDFB0063C2F2BB53F /* Pods_What_animal_should_i_get_.framework in Frameworks */ = {isa = PBXBuildFile; fileRef = FC3C882655DF4592DA4CE79C /* Pods_What_animal_should_i_get_.framework */; };
		2B3D6F21260CCFE7009C594E /* Answers.swift in Sources */ = {isa = PBXBuildFile; fileRef = 2B3D6F20260CCFE7009C594E /* Answers.swift */; };
		2B3D6F24260CCFFC009C594E /* Questions.swift in Sources */ = {isa = PBXBuildFile; fileRef = 2B3D6F23260CCFFC009C594E /* Questions.swift */; };
		2B3D6F2A260CD146009C594E /* IntroductionViewController.swift in Sources */ = {isa = PBXBuildFile; fileRef = 2B3D6F29260CD146009C594E /* IntroductionViewController.swift */; };
		2B538F7F260CA8B00075B0FA /* AppDelegate.swift in Sources */ = {isa = PBXBuildFile; fileRef = 2B538F7E260CA8B00075B0FA /* AppDelegate.swift */; };
		2B538F81260CA8B00075B0FA /* SceneDelegate.swift in Sources */ = {isa = PBXBuildFile; fileRef = 2B538F80260CA8B00075B0FA /* SceneDelegate.swift */; };
		2B538F86260CA8B00075B0FA /* Main.storyboard in Resources */ = {isa = PBXBuildFile; fileRef = 2B538F84260CA8B00075B0FA /* Main.storyboard */; };
		2B538F89260CA8B00075B0FA /* What_animal_should_i_get_.xcdatamodeld in Sources */ = {isa = PBXBuildFile; fileRef = 2B538F87260CA8B00075B0FA /* What_animal_should_i_get_.xcdatamodeld */; };
		2B538F8B260CA8B30075B0FA /* Assets.xcassets in Resources */ = {isa = PBXBuildFile; fileRef = 2B538F8A260CA8B30075B0FA /* Assets.xcassets */; };
		2B538F8E260CA8B30075B0FA /* LaunchScreen.storyboard in Resources */ = {isa = PBXBuildFile; fileRef = 2B538F8C260CA8B30075B0FA /* LaunchScreen.storyboard */; };
		2BBDA492260CD55D00EE6F0C /* QuestionsViewController.swift in Sources */ = {isa = PBXBuildFile; fileRef = 2BBDA491260CD55D00EE6F0C /* QuestionsViewController.swift */; };
		2BBDA495260CD59F00EE6F0C /* ResultsViewController.swift in Sources */ = {isa = PBXBuildFile; fileRef = 2BBDA494260CD59F00EE6F0C /* ResultsViewController.swift */; };
/* End PBXBuildFile section */

/* Begin PBXFileReference section */
		15DF82FD6D22D0F26BC70D4E /* Pods-What animal should i get?.release.xcconfig */ = {isa = PBXFileReference; includeInIndex = 1; lastKnownFileType = text.xcconfig; name = "Pods-What animal should i get?.release.xcconfig"; path = "Target Support Files/Pods-What animal should i get?/Pods-What animal should i get?.release.xcconfig"; sourceTree = "<group>"; };
		2B3D6F20260CCFE7009C594E /* Answers.swift */ = {isa = PBXFileReference; lastKnownFileType = sourcecode.swift; path = Answers.swift; sourceTree = "<group>"; };
		2B3D6F23260CCFFC009C594E /* Questions.swift */ = {isa = PBXFileReference; lastKnownFileType = sourcecode.swift; path = Questions.swift; sourceTree = "<group>"; };
		2B3D6F29260CD146009C594E /* IntroductionViewController.swift */ = {isa = PBXFileReference; lastKnownFileType = sourcecode.swift; path = IntroductionViewController.swift; sourceTree = "<group>"; };
		2B538F7B260CA8B00075B0FA /* What animal should i get?.app */ = {isa = PBXFileReference; explicitFileType = wrapper.application; includeInIndex = 0; path = "What animal should i get?.app"; sourceTree = BUILT_PRODUCTS_DIR; };
		2B538F7E260CA8B00075B0FA /* AppDelegate.swift */ = {isa = PBXFileReference; lastKnownFileType = sourcecode.swift; path = AppDelegate.swift; sourceTree = "<group>"; };
		2B538F80260CA8B00075B0FA /* SceneDelegate.swift */ = {isa = PBXFileReference; lastKnownFileType = sourcecode.swift; path = SceneDelegate.swift; sourceTree = "<group>"; };
		2B538F85260CA8B00075B0FA /* Base */ = {isa = PBXFileReference; lastKnownFileType = file.storyboard; name = Base; path = Base.lproj/Main.storyboard; sourceTree = "<group>"; };
		2B538F88260CA8B00075B0FA /* What_animal_should_i_get_.xcdatamodel */ = {isa = PBXFileReference; lastKnownFileType = wrapper.xcdatamodel; path = What_animal_should_i_get_.xcdatamodel; sourceTree = "<group>"; };
		2B538F8A260CA8B30075B0FA /* Assets.xcassets */ = {isa = PBXFileReference; lastKnownFileType = folder.assetcatalog; path = Assets.xcassets; sourceTree = "<group>"; };
		2B538F8D260CA8B30075B0FA /* Base */ = {isa = PBXFileReference; lastKnownFileType = file.storyboard; name = Base; path = Base.lproj/LaunchScreen.storyboard; sourceTree = "<group>"; };
		2B538F8F260CA8B30075B0FA /* Info.plist */ = {isa = PBXFileReference; lastKnownFileType = text.plist.xml; path = Info.plist; sourceTree = "<group>"; };
		2BBDA491260CD55D00EE6F0C /* QuestionsViewController.swift */ = {isa = PBXFileReference; lastKnownFileType = sourcecode.swift; path = QuestionsViewController.swift; sourceTree = "<group>"; };
		2BBDA494260CD59F00EE6F0C /* ResultsViewController.swift */ = {isa = PBXFileReference; lastKnownFileType = sourcecode.swift; path = ResultsViewController.swift; sourceTree = "<group>"; };
		97A916C0B39206E31C8E8FD0 /* Pods-What animal should i get?.debug.xcconfig */ = {isa = PBXFileReference; includeInIndex = 1; lastKnownFileType = text.xcconfig; name = "Pods-What animal should i get?.debug.xcconfig"; path = "Target Support Files/Pods-What animal should i get?/Pods-What animal should i get?.debug.xcconfig"; sourceTree = "<group>"; };
		FC3C882655DF4592DA4CE79C /* Pods_What_animal_should_i_get_.framework */ = {isa = PBXFileReference; explicitFileType = wrapper.framework; includeInIndex = 0; path = Pods_What_animal_should_i_get_.framework; sourceTree = BUILT_PRODUCTS_DIR; };
/* End PBXFileReference section */

/* Begin PBXFrameworksBuildPhase section */
		2B538F78260CA8B00075B0FA /* Frameworks */ = {
			isa = PBXFrameworksBuildPhase;
			buildActionMask = 2147483647;
			files = (
				11524BDDDFB0063C2F2BB53F /* Pods_What_animal_should_i_get_.framework in Frameworks */,
			);
			runOnlyForDeploymentPostprocessing = 0;
		};
/* End PBXFrameworksBuildPhase section */

/* Begin PBXGroup section */
		2B538F72260CA8B00075B0FA = {
			isa = PBXGroup;
			children = (
				2B538F7D260CA8B00075B0FA /* What animal should i get? */,
				EA31D2DEBE531860F66AA53F /* Pods */,
				FA2D0C96791494294A7CE34A /* Frameworks */,
			);
			sourceTree = "<group>";
		};
		2B538F7C260CA8B00075B0FA /* Products */ = {
			isa = PBXGroup;
			children = (
				2B538F7B260CA8B00075B0FA /* What animal should i get?.app */,
			);
			name = Products;
			path = ..;
			sourceTree = "<group>";
		};
		2B538F7D260CA8B00075B0FA /* What animal should i get? */ = {
			isa = PBXGroup;
			children = (
				2B538F9B260CAA6C0075B0FA /* Models */,
				2B538F9A260CAA340075B0FA /* Views */,
				2B538F9C260CAA7A0075B0FA /* Presenters */,
				2B538F97260CA9C00075B0FA /* Storyboards */,
				2BBDA497260CDF4D00EE6F0C /* ServiceLayer */,
				2B538F98260CA9E90075B0FA /* SupportingFiles */,
				2B538F99260CAA220075B0FA /* Sources */,
				2B538F7C260CA8B00075B0FA /* Products */,
				2B538F87260CA8B00075B0FA /* What_animal_should_i_get_.xcdatamodeld */,
			);
			path = "What animal should i get?";
			sourceTree = "<group>";
		};
		2B538F97260CA9C00075B0FA /* Storyboards */ = {
			isa = PBXGroup;
			children = (
				2B538F84260CA8B00075B0FA /* Main.storyboard */,
				2B538F8C260CA8B30075B0FA /* LaunchScreen.storyboard */,
			);
			path = Storyboards;
			sourceTree = "<group>";
		};
		2B538F98260CA9E90075B0FA /* SupportingFiles */ = {
			isa = PBXGroup;
			children = (
				2B538F7E260CA8B00075B0FA /* AppDelegate.swift */,
				2B538F80260CA8B00075B0FA /* SceneDelegate.swift */,
				2B538F8F260CA8B30075B0FA /* Info.plist */,
			);
			path = SupportingFiles;
			sourceTree = "<group>";
		};
		2B538F99260CAA220075B0FA /* Sources */ = {
			isa = PBXGroup;
			children = (
				2B538F8A260CA8B30075B0FA /* Assets.xcassets */,
			);
			path = Sources;
			sourceTree = "<group>";
		};
		2B538F9A260CAA340075B0FA /* Views */ = {
			isa = PBXGroup;
			children = (
				2B3D6F29260CD146009C594E /* IntroductionViewController.swift */,
				2BBDA491260CD55D00EE6F0C /* QuestionsViewController.swift */,
				2BBDA494260CD59F00EE6F0C /* ResultsViewController.swift */,
			);
			path = Views;
			sourceTree = "<group>";
		};
		2B538F9B260CAA6C0075B0FA /* Models */ = {
			isa = PBXGroup;
			children = (
				2B3D6F23260CCFFC009C594E /* Questions.swift */,
				2B3D6F20260CCFE7009C594E /* Answers.swift */,
			);
			path = Models;
			sourceTree = "<group>";
		};
		2B538F9C260CAA7A0075B0FA /* Presenters */ = {
			isa = PBXGroup;
			children = (
			);
			path = Presenters;
			sourceTree = "<group>";
		};
		2BBDA497260CDF4D00EE6F0C /* ServiceLayer */ = {
			isa = PBXGroup;
			children = (
			);
			path = ServiceLayer;
			sourceTree = "<group>";
		};
		EA31D2DEBE531860F66AA53F /* Pods */ = {
			isa = PBXGroup;
			children = (
				97A916C0B39206E31C8E8FD0 /* Pods-What animal should i get?.debug.xcconfig */,
				15DF82FD6D22D0F26BC70D4E /* Pods-What animal should i get?.release.xcconfig */,
			);
			path = Pods;
			sourceTree = "<group>";
		};
		FA2D0C96791494294A7CE34A /* Frameworks */ = {
			isa = PBXGroup;
			children = (
				FC3C882655DF4592DA4CE79C /* Pods_What_animal_should_i_get_.framework */,
			);
			name = Frameworks;
			sourceTree = "<group>";
		};
/* End PBXGroup section */

/* Begin PBXNativeTarget section */
		2B538F7A260CA8B00075B0FA /* What animal should i get? */ = {
			isa = PBXNativeTarget;
			buildConfigurationList = 2B538F92260CA8B30075B0FA /* Build configuration list for PBXNativeTarget "What animal should i get?" */;
			buildPhases = (
				196FF90F82634C4EDBACE3F3 /* [CP] Check Pods Manifest.lock */,
				2B538F77260CA8B00075B0FA /* Sources */,
				2B538F78260CA8B00075B0FA /* Frameworks */,
				2B538F79260CA8B00075B0FA /* Resources */,
				B50DCB6CDD07078A91B65824 /* [CP] Embed Pods Frameworks */,
			);
			buildRules = (
			);
			dependencies = (
			);
			name = "What animal should i get?";
			productName = "What animal should i get?";
			productReference = 2B538F7B260CA8B00075B0FA /* What animal should i get?.app */;
			productType = "com.apple.product-type.application";
		};
/* End PBXNativeTarget section */

/* Begin PBXProject section */
		2B538F73260CA8B00075B0FA /* Project object */ = {
			isa = PBXProject;
			attributes = {
				LastSwiftUpdateCheck = 1240;
				LastUpgradeCheck = 1240;
				TargetAttributes = {
					2B538F7A260CA8B00075B0FA = {
						CreatedOnToolsVersion = 12.4;
					};
				};
			};
			buildConfigurationList = 2B538F76260CA8B00075B0FA /* Build configuration list for PBXProject "What animal should i get?" */;
			compatibilityVersion = "Xcode 9.3";
			developmentRegion = en;
			hasScannedForEncodings = 0;
			knownRegions = (
				en,
				Base,
			);
			mainGroup = 2B538F72260CA8B00075B0FA;
			productRefGroup = 2B538F7C260CA8B00075B0FA /* Products */;
			projectDirPath = "";
			projectRoot = "";
			targets = (
				2B538F7A260CA8B00075B0FA /* What animal should i get? */,
			);
		};
/* End PBXProject section */

/* Begin PBXResourcesBuildPhase section */
		2B538F79260CA8B00075B0FA /* Resources */ = {
			isa = PBXResourcesBuildPhase;
			buildActionMask = 2147483647;
			files = (
				2B538F8E260CA8B30075B0FA /* LaunchScreen.storyboard in Resources */,
				2B538F8B260CA8B30075B0FA /* Assets.xcassets in Resources */,
				2B538F86260CA8B00075B0FA /* Main.storyboard in Resources */,
			);
			runOnlyForDeploymentPostprocessing = 0;
		};
/* End PBXResourcesBuildPhase section */

/* Begin PBXShellScriptBuildPhase section */
		196FF90F82634C4EDBACE3F3 /* [CP] Check Pods Manifest.lock */ = {
			isa = PBXShellScriptBuildPhase;
			buildActionMask = 2147483647;
			files = (
			);
			inputFileListPaths = (
			);
			inputPaths = (
				"${PODS_PODFILE_DIR_PATH}/Podfile.lock",
				"${PODS_ROOT}/Manifest.lock",
			);
			name = "[CP] Check Pods Manifest.lock";
			outputFileListPaths = (
			);
			outputPaths = (
				"$(DERIVED_FILE_DIR)/Pods-What animal should i get?-checkManifestLockResult.txt",
			);
			runOnlyForDeploymentPostprocessing = 0;
			shellPath = /bin/sh;
			shellScript = "diff \"${PODS_PODFILE_DIR_PATH}/Podfile.lock\" \"${PODS_ROOT}/Manifest.lock\" > /dev/null\nif [ $? != 0 ] ; then\n    # print error to STDERR\n    echo \"error: The sandbox is not in sync with the Podfile.lock. Run 'pod install' or update your CocoaPods installation.\" >&2\n    exit 1\nfi\n# This output is used by Xcode 'outputs' to avoid re-running this script phase.\necho \"SUCCESS\" > \"${SCRIPT_OUTPUT_FILE_0}\"\n";
			showEnvVarsInLog = 0;
		};
		B50DCB6CDD07078A91B65824 /* [CP] Embed Pods Frameworks */ = {
			isa = PBXShellScriptBuildPhase;
			buildActionMask = 2147483647;
			files = (
			);
			inputFileListPaths = (
				"${PODS_ROOT}/Target Support Files/Pods-What animal should i get?/Pods-What animal should i get?-frameworks-${CONFIGURATION}-input-files.xcfilelist",
			);
			name = "[CP] Embed Pods Frameworks";
			outputFileListPaths = (
				"${PODS_ROOT}/Target Support Files/Pods-What animal should i get?/Pods-What animal should i get?-frameworks-${CONFIGURATION}-output-files.xcfilelist",
			);
			runOnlyForDeploymentPostprocessing = 0;
			shellPath = /bin/sh;
			shellScript = "\"${PODS_ROOT}/Target Support Files/Pods-What animal should i get?/Pods-What animal should i get?-frameworks.sh\"\n";
			showEnvVarsInLog = 0;
		};
/* End PBXShellScriptBuildPhase section */

/* Begin PBXSourcesBuildPhase section */
		2B538F77260CA8B00075B0FA /* Sources */ = {
			isa = PBXSourcesBuildPhase;
			buildActionMask = 2147483647;
			files = (
				2B3D6F2A260CD146009C594E /* IntroductionViewController.swift in Sources */,
				2BBDA492260CD55D00EE6F0C /* QuestionsViewController.swift in Sources */,
				2B538F7F260CA8B00075B0FA /* AppDelegate.swift in Sources */,
				2B538F81260CA8B00075B0FA /* SceneDelegate.swift in Sources */,
				2B3D6F24260CCFFC009C594E /* Questions.swift in Sources */,
				2B3D6F21260CCFE7009C594E /* Answers.swift in Sources */,
				2B538F89260CA8B00075B0FA /* What_animal_should_i_get_.xcdatamodeld in Sources */,
				2BBDA495260CD59F00EE6F0C /* ResultsViewController.swift in Sources */,
			);
			runOnlyForDeploymentPostprocessing = 0;
		};
/* End PBXSourcesBuildPhase section */

/* Begin PBXVariantGroup section */
		2B538F84260CA8B00075B0FA /* Main.storyboard */ = {
			isa = PBXVariantGroup;
			children = (
				2B538F85260CA8B00075B0FA /* Base */,
			);
			name = Main.storyboard;
			sourceTree = "<group>";
		};
		2B538F8C260CA8B30075B0FA /* LaunchScreen.storyboard */ = {
			isa = PBXVariantGroup;
			children = (
				2B538F8D260CA8B30075B0FA /* Base */,
			);
			name = LaunchScreen.storyboard;
			sourceTree = "<group>";
		};
/* End PBXVariantGroup section */

/* Begin XCBuildConfiguration section */
		2B538F90260CA8B30075B0FA /* Debug */ = {
			isa = XCBuildConfiguration;
			buildSettings = {
				ALWAYS_SEARCH_USER_PATHS = NO;
				CLANG_ANALYZER_NONNULL = YES;
				CLANG_ANALYZER_NUMBER_OBJECT_CONVERSION = YES_AGGRESSIVE;
				CLANG_CXX_LANGUAGE_STANDARD = "gnu++14";
				CLANG_CXX_LIBRARY = "libc++";
				CLANG_ENABLE_MODULES = YES;
				CLANG_ENABLE_OBJC_ARC = YES;
				CLANG_ENABLE_OBJC_WEAK = YES;
				CLANG_WARN_BLOCK_CAPTURE_AUTORELEASING = YES;
				CLANG_WARN_BOOL_CONVERSION = YES;
				CLANG_WARN_COMMA = YES;
				CLANG_WARN_CONSTANT_CONVERSION = YES;
				CLANG_WARN_DEPRECATED_OBJC_IMPLEMENTATIONS = YES;
				CLANG_WARN_DIRECT_OBJC_ISA_USAGE = YES_ERROR;
				CLANG_WARN_DOCUMENTATION_COMMENTS = YES;
				CLANG_WARN_EMPTY_BODY = YES;
				CLANG_WARN_ENUM_CONVERSION = YES;
				CLANG_WARN_INFINITE_RECURSION = YES;
				CLANG_WARN_INT_CONVERSION = YES;
				CLANG_WARN_NON_LITERAL_NULL_CONVERSION = YES;
				CLANG_WARN_OBJC_IMPLICIT_RETAIN_SELF = YES;
				CLANG_WARN_OBJC_LITERAL_CONVERSION = YES;
				CLANG_WARN_OBJC_ROOT_CLASS = YES_ERROR;
				CLANG_WARN_QUOTED_INCLUDE_IN_FRAMEWORK_HEADER = YES;
				CLANG_WARN_RANGE_LOOP_ANALYSIS = YES;
				CLANG_WARN_STRICT_PROTOTYPES = YES;
				CLANG_WARN_SUSPICIOUS_MOVE = YES;
				CLANG_WARN_UNGUARDED_AVAILABILITY = YES_AGGRESSIVE;
				CLANG_WARN_UNREACHABLE_CODE = YES;
				CLANG_WARN__DUPLICATE_METHOD_MATCH = YES;
				COPY_PHASE_STRIP = NO;
				DEBUG_INFORMATION_FORMAT = dwarf;
				ENABLE_STRICT_OBJC_MSGSEND = YES;
				ENABLE_TESTABILITY = YES;
				GCC_C_LANGUAGE_STANDARD = gnu11;
				GCC_DYNAMIC_NO_PIC = NO;
				GCC_NO_COMMON_BLOCKS = YES;
				GCC_OPTIMIZATION_LEVEL = 0;
				GCC_PREPROCESSOR_DEFINITIONS = (
					"DEBUG=1",
					"$(inherited)",
				);
				GCC_WARN_64_TO_32_BIT_CONVERSION = YES;
				GCC_WARN_ABOUT_RETURN_TYPE = YES_ERROR;
				GCC_WARN_UNDECLARED_SELECTOR = YES;
				GCC_WARN_UNINITIALIZED_AUTOS = YES_AGGRESSIVE;
				GCC_WARN_UNUSED_FUNCTION = YES;
				GCC_WARN_UNUSED_VARIABLE = YES;
				IPHONEOS_DEPLOYMENT_TARGET = 14.4;
				MTL_ENABLE_DEBUG_INFO = INCLUDE_SOURCE;
				MTL_FAST_MATH = YES;
				ONLY_ACTIVE_ARCH = YES;
				SDKROOT = iphoneos;
				SWIFT_ACTIVE_COMPILATION_CONDITIONS = DEBUG;
				SWIFT_OPTIMIZATION_LEVEL = "-Onone";
			};
			name = Debug;
		};
		2B538F91260CA8B30075B0FA /* Release */ = {
			isa = XCBuildConfiguration;
			buildSettings = {
				ALWAYS_SEARCH_USER_PATHS = NO;
				CLANG_ANALYZER_NONNULL = YES;
				CLANG_ANALYZER_NUMBER_OBJECT_CONVERSION = YES_AGGRESSIVE;
				CLANG_CXX_LANGUAGE_STANDARD = "gnu++14";
				CLANG_CXX_LIBRARY = "libc++";
				CLANG_ENABLE_MODULES = YES;
				CLANG_ENABLE_OBJC_ARC = YES;
				CLANG_ENABLE_OBJC_WEAK = YES;
				CLANG_WARN_BLOCK_CAPTURE_AUTORELEASING = YES;
				CLANG_WARN_BOOL_CONVERSION = YES;
				CLANG_WARN_COMMA = YES;
				CLANG_WARN_CONSTANT_CONVERSION = YES;
				CLANG_WARN_DEPRECATED_OBJC_IMPLEMENTATIONS = YES;
				CLANG_WARN_DIRECT_OBJC_ISA_USAGE = YES_ERROR;
				CLANG_WARN_DOCUMENTATION_COMMENTS = YES;
				CLANG_WARN_EMPTY_BODY = YES;
				CLANG_WARN_ENUM_CONVERSION = YES;
				CLANG_WARN_INFINITE_RECURSION = YES;
				CLANG_WARN_INT_CONVERSION = YES;
				CLANG_WARN_NON_LITERAL_NULL_CONVERSION = YES;
				CLANG_WARN_OBJC_IMPLICIT_RETAIN_SELF = YES;
				CLANG_WARN_OBJC_LITERAL_CONVERSION = YES;
				CLANG_WARN_OBJC_ROOT_CLASS = YES_ERROR;
				CLANG_WARN_QUOTED_INCLUDE_IN_FRAMEWORK_HEADER = YES;
				CLANG_WARN_RANGE_LOOP_ANALYSIS = YES;
				CLANG_WARN_STRICT_PROTOTYPES = YES;
				CLANG_WARN_SUSPICIOUS_MOVE = YES;
				CLANG_WARN_UNGUARDED_AVAILABILITY = YES_AGGRESSIVE;
				CLANG_WARN_UNREACHABLE_CODE = YES;
				CLANG_WARN__DUPLICATE_METHOD_MATCH = YES;
				COPY_PHASE_STRIP = NO;
				DEBUG_INFORMATION_FORMAT = "dwarf-with-dsym";
				ENABLE_NS_ASSERTIONS = NO;
				ENABLE_STRICT_OBJC_MSGSEND = YES;
				GCC_C_LANGUAGE_STANDARD = gnu11;
				GCC_NO_COMMON_BLOCKS = YES;
				GCC_WARN_64_TO_32_BIT_CONVERSION = YES;
				GCC_WARN_ABOUT_RETURN_TYPE = YES_ERROR;
				GCC_WARN_UNDECLARED_SELECTOR = YES;
				GCC_WARN_UNINITIALIZED_AUTOS = YES_AGGRESSIVE;
				GCC_WARN_UNUSED_FUNCTION = YES;
				GCC_WARN_UNUSED_VARIABLE = YES;
				IPHONEOS_DEPLOYMENT_TARGET = 14.4;
				MTL_ENABLE_DEBUG_INFO = NO;
				MTL_FAST_MATH = YES;
				SDKROOT = iphoneos;
				SWIFT_COMPILATION_MODE = wholemodule;
				SWIFT_OPTIMIZATION_LEVEL = "-O";
				VALIDATE_PRODUCT = YES;
			};
			name = Release;
		};
		2B538F93260CA8B30075B0FA /* Debug */ = {
			isa = XCBuildConfiguration;
			baseConfigurationReference = 97A916C0B39206E31C8E8FD0 /* Pods-What animal should i get?.debug.xcconfig */;
			buildSettings = {
				ASSETCATALOG_COMPILER_APPICON_NAME = AppIcon;
				ASSETCATALOG_COMPILER_GLOBAL_ACCENT_COLOR_NAME = AccentColor;
				CODE_SIGN_STYLE = Automatic;
				INFOPLIST_FILE = "What animal should i get?/SupportingFiles/Info.plist";
				IPHONEOS_DEPLOYMENT_TARGET = 13.0;
				LD_RUNPATH_SEARCH_PATHS = (
					"$(inherited)",
					"@executable_path/Frameworks",
				);
				PRODUCT_BUNDLE_IDENTIFIER = "ru.swiftbook.What-animal-should-i-get-";
				PRODUCT_NAME = "$(TARGET_NAME)";
				SWIFT_VERSION = 5.0;
				TARGETED_DEVICE_FAMILY = "1,2";
			};
			name = Debug;
		};
		2B538F94260CA8B30075B0FA /* Release */ = {
			isa = XCBuildConfiguration;
			baseConfigurationReference = 15DF82FD6D22D0F26BC70D4E /* Pods-What animal should i get?.release.xcconfig */;
			buildSettings = {
				ASSETCATALOG_COMPILER_APPICON_NAME = AppIcon;
				ASSETCATALOG_COMPILER_GLOBAL_ACCENT_COLOR_NAME = AccentColor;
				CODE_SIGN_STYLE = Automatic;
				INFOPLIST_FILE = "What animal should i get?/SupportingFiles/Info.plist";
				IPHONEOS_DEPLOYMENT_TARGET = 13.0;
				LD_RUNPATH_SEARCH_PATHS = (
					"$(inherited)",
					"@executable_path/Frameworks",
				);
				PRODUCT_BUNDLE_IDENTIFIER = "ru.swiftbook.What-animal-should-i-get-";
				PRODUCT_NAME = "$(TARGET_NAME)";
				SWIFT_VERSION = 5.0;
				TARGETED_DEVICE_FAMILY = "1,2";
			};
			name = Release;
		};
/* End XCBuildConfiguration section */

/* Begin XCConfigurationList section */
		2B538F76260CA8B00075B0FA /* Build configuration list for PBXProject "What animal should i get?" */ = {
			isa = XCConfigurationList;
			buildConfigurations = (
				2B538F90260CA8B30075B0FA /* Debug */,
				2B538F91260CA8B30075B0FA /* Release */,
			);
			defaultConfigurationIsVisible = 0;
			defaultConfigurationName = Release;
		};
		2B538F92260CA8B30075B0FA /* Build configuration list for PBXNativeTarget "What animal should i get?" */ = {
			isa = XCConfigurationList;
			buildConfigurations = (
				2B538F93260CA8B30075B0FA /* Debug */,
				2B538F94260CA8B30075B0FA /* Release */,
			);
			defaultConfigurationIsVisible = 0;
			defaultConfigurationName = Release;
		};
/* End XCConfigurationList section */

/* Begin XCVersionGroup section */
		2B538F87260CA8B00075B0FA /* What_animal_should_i_get_.xcdatamodeld */ = {
			isa = XCVersionGroup;
			children = (
				2B538F88260CA8B00075B0FA /* What_animal_should_i_get_.xcdatamodel */,
			);
			currentVersion = 2B538F88260CA8B00075B0FA /* What_animal_should_i_get_.xcdatamodel */;
			path = What_animal_should_i_get_.xcdatamodeld;
			sourceTree = "<group>";
			versionGroupType = wrapper.xcdatamodel;
		};
/* End XCVersionGroup section */
	};
	rootObject = 2B538F73260CA8B00075B0FA /* Project object */;
}
